# This file is generated by running "yarn install" inside your project.
# Manual changes might be lost - proceed with caution!

__metadata:
  version: 6
  cacheKey: 8

"@tsconfig/node16@npm:^1.0.2":
  version: 1.0.2
  resolution: "@tsconfig/node16@npm:1.0.2"
  checksum: ca94d3639714672bbfd55f03521d3f56bb6a25479bd425da81faf21f13e1e9d15f40f97377dedbbf477a5841c5b0c8f4cd1b391f33553d750b9202c54c2c07aa
  languageName: node
  linkType: hard

"tehai-js@workspace:.":
  version: 0.0.0-use.local
  resolution: "tehai-js@workspace:."
  dependencies:
    "@tsconfig/node16": ^1.0.2
    typescript: ^4.6.3
  languageName: unknown
  linkType: soft

"typescript@npm:^4.6.3":
  version: 4.6.3
  resolution: "typescript@npm:4.6.3"
  bin:
    tsc: bin/tsc
    tsserver: bin/tsserver
  checksum: 255bb26c8cb846ca689dd1c3a56587af4f69055907aa2c154796ea28ee0dea871535b1c78f85a6212c77f2657843a269c3a742d09d81495b97b914bf7920415b
  languageName: node
  linkType: hard

"typescript@patch:typescript@^4.6.3#~builtin<compat/typescript>":
  version: 4.6.3
  resolution: "typescript@patch:typescript@npm%3A4.6.3#~builtin<compat/typescript>::version=4.6.3&hash=bda367"
  bin:
    tsc: bin/tsc
    tsserver: bin/tsserver
  checksum: 6bf45caf847062420592e711bc9c28bf5f9a9a7fa8245343b81493e4ededae33f1774009d1234d911422d1646a2c839f44e1a23ecb111b40a60ac2ea4c1482a8
  languageName: node
  linkType: hard
